
Microsoft Visual Studio Solution File, Format Version 12.00
# Visual Studio Version 17
VisualStudioVersion = 17.11.35303.130
MinimumVisualStudioVersion = 10.0.40219.1
Project("{2150E333-8FDC-42A3-9474-1A3956D46DE8}") = "Task0", "Task0", "{727C398B-1866-45DE-AB2D-2C5EEC0AC659}"
EndProject
Project("{9A19103F-16F7-4668-BE54-9A1E7A4F7556}") = "Tyuiu.ArapovTY.Sprint2.Task0.V5", "Tyuiu.ArapovTY.Sprint2.Task0.V5\Tyuiu.ArapovTY.Sprint2.Task0.V5.csproj", "{485EF60D-1792-49FF-9738-42FFFDEF051D}"
EndProject
Project("{9A19103F-16F7-4668-BE54-9A1E7A4F7556}") = "Tyuiu.ArapovTY.Sprint2.Task0.V5.Lib", "Tyuiu.ArapovTY.Sprint2.Task0.V5.Lib\Tyuiu.ArapovTY.Sprint2.Task0.V5.Lib.csproj", "{789FC0DE-FD8A-4C15-8ED5-F2B1199C3300}"
EndProject
Project("{9A19103F-16F7-4668-BE54-9A1E7A4F7556}") = "Tyuiu.ArapovTY.Sprint2.Task0.V5.Test", "Tyuiu.ArapovTY.Sprint2.Task0.V5.Test\Tyuiu.ArapovTY.Sprint2.Task0.V5.Test.csproj", "{630AA83C-35AF-4297-8C32-67E8E8C72363}"
EndProject
Project("{2150E333-8FDC-42A3-9474-1A3956D46DE8}") = "Task1", "Task1", "{B1776196-0936-42F7-A56B-E0955ECFBC4B}"
EndProject
Project("{9A19103F-16F7-4668-BE54-9A1E7A4F7556}") = "Tyuiu.ArapovTY.Sprint2.Task1.V17", "Tyuiu.ArapovTY.Sprint2.Task1.V17\Tyuiu.ArapovTY.Sprint2.Task1.V17.csproj", "{D6CF7990-6DCD-4E4D-A7A0-3B7151C4A2B7}"
EndProject
Project("{9A19103F-16F7-4668-BE54-9A1E7A4F7556}") = "Tyuiu.ArapovTY.Sprint2.Task1.V17.Lib", "Tyuiu.ArapovTY.Sprint2.Task1.V17.Lib\Tyuiu.ArapovTY.Sprint2.Task1.V17.Lib.csproj", "{16BB2975-262D-4112-9F0E-7686CF0C6345}"
EndProject
Project("{9A19103F-16F7-4668-BE54-9A1E7A4F7556}") = "Tyuiu.ArapovTY.Sprint2.Task1.V17.Test", "Tyuiu.ArapovTY.Sprint2.Task1.V17.Test\Tyuiu.ArapovTY.Sprint2.Task1.V17.Test.csproj", "{44FCB3E0-FD9C-40BF-B1D6-AE80B63325AA}"
EndProject
Project("{2150E333-8FDC-42A3-9474-1A3956D46DE8}") = "Task2", "Task2", "{CEB89921-F4FB-41D2-BBF3-E43FDBE62EC2}"
EndProject
Project("{9A19103F-16F7-4668-BE54-9A1E7A4F7556}") = "Tyuiu.ArapovTY.Sprint2.Task2.V2", "Tyuiu.ArapovTY.Sprint2.Task2.V2\Tyuiu.ArapovTY.Sprint2.Task2.V2.csproj", "{C2054839-6031-402A-8853-C524A9A7FABB}"
EndProject
Project("{9A19103F-16F7-4668-BE54-9A1E7A4F7556}") = "Tyuiu.ArapovTY.Sprint2.Task2.V2.Lib", "Tyuiu.ArapovTY.Sprint2.Task2.V2.Lib\Tyuiu.ArapovTY.Sprint2.Task2.V2.Lib.csproj", "{4AB7BC64-5103-42A8-8420-5A8AB483A1D5}"
EndProject
Project("{9A19103F-16F7-4668-BE54-9A1E7A4F7556}") = "Tyuiu.ArapovTY.Sprint2.Task2.V2.Test", "Tyuiu.ArapovTY.Sprint2.Task2.V2.Test\Tyuiu.ArapovTY.Sprint2.Task2.V2.Test.csproj", "{BF6A4787-4542-4D21-A45A-8E92204682AE}"
EndProject
Project("{2150E333-8FDC-42A3-9474-1A3956D46DE8}") = "Task3", "Task3", "{F4193012-C765-44FF-96EA-0952BA916ED4}"
EndProject
Project("{9A19103F-16F7-4668-BE54-9A1E7A4F7556}") = "Tyuiu.ArapovTY.Sprint2.Task3.V24", "Tyuiu.ArapovTY.Sprint2.Task3.V24\Tyuiu.ArapovTY.Sprint2.Task3.V24.csproj", "{1249A613-F660-4882-AA7A-22BE8EB66EA0}"
EndProject
Project("{9A19103F-16F7-4668-BE54-9A1E7A4F7556}") = "Tyuiu.ArapovTY.Sprint2.Task3.V24.Lib", "Tyuiu.ArapovTY.Sprint2.Task3.V24.Lib\Tyuiu.ArapovTY.Sprint2.Task3.V24.Lib.csproj", "{37F81EE5-8232-4912-B551-369983C89FCB}"
EndProject
Project("{9A19103F-16F7-4668-BE54-9A1E7A4F7556}") = "Tyuiu.ArapovTY.Sprint2.Task3.V24.Test", "Tyuiu.ArapovTY.Sprint2.Task3.V24.Test\Tyuiu.ArapovTY.Sprint2.Task3.V24.Test.csproj", "{99ED72CB-D1FF-4155-B6F8-90A7C5071F23}"
EndProject
Project("{2150E333-8FDC-42A3-9474-1A3956D46DE8}") = "Task4", "Task4", "{D5D54121-AE8A-4C21-A396-A93A56201ED8}"
EndProject
Project("{9A19103F-16F7-4668-BE54-9A1E7A4F7556}") = "Tyuiu.ArapovTY.Sprint2.Task4.V27", "Tyuiu.ArapovTY.Sprint2.Task4.V27\Tyuiu.ArapovTY.Sprint2.Task4.V27.csproj", "{747346C4-AFF6-44C8-B065-FBB3699C5BEC}"
EndProject
Project("{9A19103F-16F7-4668-BE54-9A1E7A4F7556}") = "Tyuiu.ArapovTY.Sprint2.Task4.V27.Lib", "Tyuiu.ArapovTY.Sprint2.Task4.V27.Lib\Tyuiu.ArapovTY.Sprint2.Task4.V27.Lib.csproj", "{4296A924-F0EF-46E3-9280-9AEE7F2F09D6}"
EndProject
Project("{9A19103F-16F7-4668-BE54-9A1E7A4F7556}") = "Tyuiu.ArapovTY.Sprint2.Task4.V27.Test", "Tyuiu.ArapovTY.Sprint2.Task4.V27.Test\Tyuiu.ArapovTY.Sprint2.Task4.V27.Test.csproj", "{644867F7-6779-4AB8-8CEA-4C85897424A8}"
EndProject
Project("{2150E333-8FDC-42A3-9474-1A3956D46DE8}") = "Task5", "Task5", "{E2CED469-E696-481C-8D85-0AF94FE30A9F}"
EndProject
Project("{9A19103F-16F7-4668-BE54-9A1E7A4F7556}") = "Tyuiu.ArapovTY.Sprint2.Task5.V5", "Tyuiu.ArapovTY.Sprint2.Task5.V5\Tyuiu.ArapovTY.Sprint2.Task5.V5.csproj", "{E955125A-1697-4930-B783-C98555B9D4EC}"
EndProject
Project("{9A19103F-16F7-4668-BE54-9A1E7A4F7556}") = "Tyuiu.ArapovTY.Sprint2.Task5.V5.Lib", "Tyuiu.ArapovTY.Sprint2.Task5.V5.Lib\Tyuiu.ArapovTY.Sprint2.Task5.V5.Lib.csproj", "{D0F72AB2-DA9E-47E5-8F51-01FED84C61A8}"
EndProject
Project("{9A19103F-16F7-4668-BE54-9A1E7A4F7556}") = "Tyuiu.ArapovTY.Sprint2.Task5.V5.Test", "Tyuiu.ArapovTY.Sprint2.Task5.V5.Test\Tyuiu.ArapovTY.Sprint2.Task5.V5.Test.csproj", "{C9695FAD-862D-4AC4-B500-22E057ED79B5}"
EndProject
Project("{2150E333-8FDC-42A3-9474-1A3956D46DE8}") = "Task6", "Task6", "{123E8F51-9AF6-4907-996B-EFC1E744A041}"
EndProject
Project("{9A19103F-16F7-4668-BE54-9A1E7A4F7556}") = "Tyuiu.ArapovTY.Sprint2.Task6.V11", "Tyuiu.ArapovTY.Sprint2.Task6.V11\Tyuiu.ArapovTY.Sprint2.Task6.V11.csproj", "{B7E96A85-DBE0-4F8E-8C1A-EC4AD1CAF2C7}"
EndProject
Project("{9A19103F-16F7-4668-BE54-9A1E7A4F7556}") = "Tyuiu.ArapovTY.Sprint2.Task6.V11.Lib", "Tyuiu.ArapovTY.Sprint2.Task6.V11.Lib\Tyuiu.ArapovTY.Sprint2.Task6.V11.Lib.csproj", "{F99D70DD-F68C-4C2D-8F6C-6629CE4921B0}"
EndProject
Project("{9A19103F-16F7-4668-BE54-9A1E7A4F7556}") = "Tyuiu.ArapovTY.Sprint2.Task6.V11.Test", "Tyuiu.ArapovTY.Sprint2.Task6.V11.Test\Tyuiu.ArapovTY.Sprint2.Task6.V11.Test.csproj", "{081E77E6-82B0-4489-B50D-0C9DC26C536E}"
EndProject
Project("{2150E333-8FDC-42A3-9474-1A3956D46DE8}") = "Task7", "Task7", "{A804C23D-47D3-4A99-89DB-CDCA540665F6}"
EndProject
Project("{FAE04EC0-301F-11D3-BF4B-00C04F79EFBC}") = "Tyuiu.ArapovTY.Sprint2.Task7.V14", "Tyuiu.ArapovTY.Sprint2.Task7.V14\Tyuiu.ArapovTY.Sprint2.Task7.V14.csproj", "{FCED11B6-78E6-460B-8081-8598D5B4D65D}"
EndProject
Project("{FAE04EC0-301F-11D3-BF4B-00C04F79EFBC}") = "Tyuiu.ArapovTY.Sprint2.Task7.V14.Lib", "Tyuiu.ArapovTY.Sprint2.Task7.V14.Lib\Tyuiu.ArapovTY.Sprint2.Task7.V14.Lib.csproj", "{DD1E8324-8E01-45C3-BB9B-DA66F3672AEE}"
EndProject
Project("{FAE04EC0-301F-11D3-BF4B-00C04F79EFBC}") = "Tyuiu.ArapovTY.Sprint2.Task7.V14.Test", "Tyuiu.ArapovTY.Sprint2.Task7.V14.Test\Tyuiu.ArapovTY.Sprint2.Task7.V14.Test.csproj", "{54D6F1BE-FD9B-419E-B3B0-63550A98D4A1}"
EndProject
Global
	GlobalSection(SolutionConfigurationPlatforms) = preSolution
		Debug|Any CPU = Debug|Any CPU
		Release|Any CPU = Release|Any CPU
	EndGlobalSection
	GlobalSection(ProjectConfigurationPlatforms) = postSolution
		{485EF60D-1792-49FF-9738-42FFFDEF051D}.Debug|Any CPU.ActiveCfg = Debug|Any CPU
		{485EF60D-1792-49FF-9738-42FFFDEF051D}.Debug|Any CPU.Build.0 = Debug|Any CPU
		{485EF60D-1792-49FF-9738-42FFFDEF051D}.Release|Any CPU.ActiveCfg = Release|Any CPU
		{485EF60D-1792-49FF-9738-42FFFDEF051D}.Release|Any CPU.Build.0 = Release|Any CPU
		{789FC0DE-FD8A-4C15-8ED5-F2B1199C3300}.Debug|Any CPU.ActiveCfg = Debug|Any CPU
		{789FC0DE-FD8A-4C15-8ED5-F2B1199C3300}.Debug|Any CPU.Build.0 = Debug|Any CPU
		{789FC0DE-FD8A-4C15-8ED5-F2B1199C3300}.Release|Any CPU.ActiveCfg = Release|Any CPU
		{789FC0DE-FD8A-4C15-8ED5-F2B1199C3300}.Release|Any CPU.Build.0 = Release|Any CPU
		{630AA83C-35AF-4297-8C32-67E8E8C72363}.Debug|Any CPU.ActiveCfg = Debug|Any CPU
		{630AA83C-35AF-4297-8C32-67E8E8C72363}.Debug|Any CPU.Build.0 = Debug|Any CPU
		{630AA83C-35AF-4297-8C32-67E8E8C72363}.Release|Any CPU.ActiveCfg = Release|Any CPU
		{630AA83C-35AF-4297-8C32-67E8E8C72363}.Release|Any CPU.Build.0 = Release|Any CPU
		{D6CF7990-6DCD-4E4D-A7A0-3B7151C4A2B7}.Debug|Any CPU.ActiveCfg = Debug|Any CPU
		{D6CF7990-6DCD-4E4D-A7A0-3B7151C4A2B7}.Debug|Any CPU.Build.0 = Debug|Any CPU
		{D6CF7990-6DCD-4E4D-A7A0-3B7151C4A2B7}.Release|Any CPU.ActiveCfg = Release|Any CPU
		{D6CF7990-6DCD-4E4D-A7A0-3B7151C4A2B7}.Release|Any CPU.Build.0 = Release|Any CPU
		{16BB2975-262D-4112-9F0E-7686CF0C6345}.Debug|Any CPU.ActiveCfg = Debug|Any CPU
		{16BB2975-262D-4112-9F0E-7686CF0C6345}.Debug|Any CPU.Build.0 = Debug|Any CPU
		{16BB2975-262D-4112-9F0E-7686CF0C6345}.Release|Any CPU.ActiveCfg = Release|Any CPU
		{16BB2975-262D-4112-9F0E-7686CF0C6345}.Release|Any CPU.Build.0 = Release|Any CPU
		{44FCB3E0-FD9C-40BF-B1D6-AE80B63325AA}.Debug|Any CPU.ActiveCfg = Debug|Any CPU
		{44FCB3E0-FD9C-40BF-B1D6-AE80B63325AA}.Debug|Any CPU.Build.0 = Debug|Any CPU
		{44FCB3E0-FD9C-40BF-B1D6-AE80B63325AA}.Release|Any CPU.ActiveCfg = Release|Any CPU
		{44FCB3E0-FD9C-40BF-B1D6-AE80B63325AA}.Release|Any CPU.Build.0 = Release|Any CPU
		{C2054839-6031-402A-8853-C524A9A7FABB}.Debug|Any CPU.ActiveCfg = Debug|Any CPU
		{C2054839-6031-402A-8853-C524A9A7FABB}.Debug|Any CPU.Build.0 = Debug|Any CPU
		{C2054839-6031-402A-8853-C524A9A7FABB}.Release|Any CPU.ActiveCfg = Release|Any CPU
		{C2054839-6031-402A-8853-C524A9A7FABB}.Release|Any CPU.Build.0 = Release|Any CPU
		{4AB7BC64-5103-42A8-8420-5A8AB483A1D5}.Debug|Any CPU.ActiveCfg = Debug|Any CPU
		{4AB7BC64-5103-42A8-8420-5A8AB483A1D5}.Debug|Any CPU.Build.0 = Debug|Any CPU
		{4AB7BC64-5103-42A8-8420-5A8AB483A1D5}.Release|Any CPU.ActiveCfg = Release|Any CPU
		{4AB7BC64-5103-42A8-8420-5A8AB483A1D5}.Release|Any CPU.Build.0 = Release|Any CPU
		{BF6A4787-4542-4D21-A45A-8E92204682AE}.Debug|Any CPU.ActiveCfg = Debug|Any CPU
		{BF6A4787-4542-4D21-A45A-8E92204682AE}.Debug|Any CPU.Build.0 = Debug|Any CPU
		{BF6A4787-4542-4D21-A45A-8E92204682AE}.Release|Any CPU.ActiveCfg = Release|Any CPU
		{BF6A4787-4542-4D21-A45A-8E92204682AE}.Release|Any CPU.Build.0 = Release|Any CPU
		{1249A613-F660-4882-AA7A-22BE8EB66EA0}.Debug|Any CPU.ActiveCfg = Debug|Any CPU
		{1249A613-F660-4882-AA7A-22BE8EB66EA0}.Debug|Any CPU.Build.0 = Debug|Any CPU
		{1249A613-F660-4882-AA7A-22BE8EB66EA0}.Release|Any CPU.ActiveCfg = Release|Any CPU
		{1249A613-F660-4882-AA7A-22BE8EB66EA0}.Release|Any CPU.Build.0 = Release|Any CPU
		{37F81EE5-8232-4912-B551-369983C89FCB}.Debug|Any CPU.ActiveCfg = Debug|Any CPU
		{37F81EE5-8232-4912-B551-369983C89FCB}.Debug|Any CPU.Build.0 = Debug|Any CPU
		{37F81EE5-8232-4912-B551-369983C89FCB}.Release|Any CPU.ActiveCfg = Release|Any CPU
		{37F81EE5-8232-4912-B551-369983C89FCB}.Release|Any CPU.Build.0 = Release|Any CPU
		{99ED72CB-D1FF-4155-B6F8-90A7C5071F23}.Debug|Any CPU.ActiveCfg = Debug|Any CPU
		{99ED72CB-D1FF-4155-B6F8-90A7C5071F23}.Debug|Any CPU.Build.0 = Debug|Any CPU
		{99ED72CB-D1FF-4155-B6F8-90A7C5071F23}.Release|Any CPU.ActiveCfg = Release|Any CPU
		{99ED72CB-D1FF-4155-B6F8-90A7C5071F23}.Release|Any CPU.Build.0 = Release|Any CPU
		{747346C4-AFF6-44C8-B065-FBB3699C5BEC}.Debug|Any CPU.ActiveCfg = Debug|Any CPU
		{747346C4-AFF6-44C8-B065-FBB3699C5BEC}.Debug|Any CPU.Build.0 = Debug|Any CPU
		{747346C4-AFF6-44C8-B065-FBB3699C5BEC}.Release|Any CPU.ActiveCfg = Release|Any CPU
		{747346C4-AFF6-44C8-B065-FBB3699C5BEC}.Release|Any CPU.Build.0 = Release|Any CPU
		{4296A924-F0EF-46E3-9280-9AEE7F2F09D6}.Debug|Any CPU.ActiveCfg = Debug|Any CPU
		{4296A924-F0EF-46E3-9280-9AEE7F2F09D6}.Debug|Any CPU.Build.0 = Debug|Any CPU
		{4296A924-F0EF-46E3-9280-9AEE7F2F09D6}.Release|Any CPU.ActiveCfg = Release|Any CPU
		{4296A924-F0EF-46E3-9280-9AEE7F2F09D6}.Release|Any CPU.Build.0 = Release|Any CPU
		{644867F7-6779-4AB8-8CEA-4C85897424A8}.Debug|Any CPU.ActiveCfg = Debug|Any CPU
		{644867F7-6779-4AB8-8CEA-4C85897424A8}.Debug|Any CPU.Build.0 = Debug|Any CPU
		{644867F7-6779-4AB8-8CEA-4C85897424A8}.Release|Any CPU.ActiveCfg = Release|Any CPU
		{644867F7-6779-4AB8-8CEA-4C85897424A8}.Release|Any CPU.Build.0 = Release|Any CPU
		{E955125A-1697-4930-B783-C98555B9D4EC}.Debug|Any CPU.ActiveCfg = Debug|Any CPU
		{E955125A-1697-4930-B783-C98555B9D4EC}.Debug|Any CPU.Build.0 = Debug|Any CPU
		{E955125A-1697-4930-B783-C98555B9D4EC}.Release|Any CPU.ActiveCfg = Release|Any CPU
		{E955125A-1697-4930-B783-C98555B9D4EC}.Release|Any CPU.Build.0 = Release|Any CPU
		{D0F72AB2-DA9E-47E5-8F51-01FED84C61A8}.Debug|Any CPU.ActiveCfg = Debug|Any CPU
		{D0F72AB2-DA9E-47E5-8F51-01FED84C61A8}.Debug|Any CPU.Build.0 = Debug|Any CPU
		{D0F72AB2-DA9E-47E5-8F51-01FED84C61A8}.Release|Any CPU.ActiveCfg = Release|Any CPU
		{D0F72AB2-DA9E-47E5-8F51-01FED84C61A8}.Release|Any CPU.Build.0 = Release|Any CPU
		{C9695FAD-862D-4AC4-B500-22E057ED79B5}.Debug|Any CPU.ActiveCfg = Debug|Any CPU
		{C9695FAD-862D-4AC4-B500-22E057ED79B5}.Debug|Any CPU.Build.0 = Debug|Any CPU
		{C9695FAD-862D-4AC4-B500-22E057ED79B5}.Release|Any CPU.ActiveCfg = Release|Any CPU
		{C9695FAD-862D-4AC4-B500-22E057ED79B5}.Release|Any CPU.Build.0 = Release|Any CPU
		{B7E96A85-DBE0-4F8E-8C1A-EC4AD1CAF2C7}.Debug|Any CPU.ActiveCfg = Debug|Any CPU
		{B7E96A85-DBE0-4F8E-8C1A-EC4AD1CAF2C7}.Debug|Any CPU.Build.0 = Debug|Any CPU
		{B7E96A85-DBE0-4F8E-8C1A-EC4AD1CAF2C7}.Release|Any CPU.ActiveCfg = Release|Any CPU
		{B7E96A85-DBE0-4F8E-8C1A-EC4AD1CAF2C7}.Release|Any CPU.Build.0 = Release|Any CPU
		{F99D70DD-F68C-4C2D-8F6C-6629CE4921B0}.Debug|Any CPU.ActiveCfg = Debug|Any CPU
		{F99D70DD-F68C-4C2D-8F6C-6629CE4921B0}.Debug|Any CPU.Build.0 = Debug|Any CPU
		{F99D70DD-F68C-4C2D-8F6C-6629CE4921B0}.Release|Any CPU.ActiveCfg = Release|Any CPU
		{F99D70DD-F68C-4C2D-8F6C-6629CE4921B0}.Release|Any CPU.Build.0 = Release|Any CPU
		{081E77E6-82B0-4489-B50D-0C9DC26C536E}.Debug|Any CPU.ActiveCfg = Debug|Any CPU
		{081E77E6-82B0-4489-B50D-0C9DC26C536E}.Debug|Any CPU.Build.0 = Debug|Any CPU
		{081E77E6-82B0-4489-B50D-0C9DC26C536E}.Release|Any CPU.ActiveCfg = Release|Any CPU
		{081E77E6-82B0-4489-B50D-0C9DC26C536E}.Release|Any CPU.Build.0 = Release|Any CPU
		{FCED11B6-78E6-460B-8081-8598D5B4D65D}.Debug|Any CPU.ActiveCfg = Debug|Any CPU
		{FCED11B6-78E6-460B-8081-8598D5B4D65D}.Debug|Any CPU.Build.0 = Debug|Any CPU
		{FCED11B6-78E6-460B-8081-8598D5B4D65D}.Release|Any CPU.ActiveCfg = Release|Any CPU
		{FCED11B6-78E6-460B-8081-8598D5B4D65D}.Release|Any CPU.Build.0 = Release|Any CPU
		{DD1E8324-8E01-45C3-BB9B-DA66F3672AEE}.Debug|Any CPU.ActiveCfg = Debug|Any CPU
		{DD1E8324-8E01-45C3-BB9B-DA66F3672AEE}.Debug|Any CPU.Build.0 = Debug|Any CPU
		{DD1E8324-8E01-45C3-BB9B-DA66F3672AEE}.Release|Any CPU.ActiveCfg = Release|Any CPU
		{DD1E8324-8E01-45C3-BB9B-DA66F3672AEE}.Release|Any CPU.Build.0 = Release|Any CPU
		{54D6F1BE-FD9B-419E-B3B0-63550A98D4A1}.Debug|Any CPU.ActiveCfg = Debug|Any CPU
		{54D6F1BE-FD9B-419E-B3B0-63550A98D4A1}.Debug|Any CPU.Build.0 = Debug|Any CPU
		{54D6F1BE-FD9B-419E-B3B0-63550A98D4A1}.Release|Any CPU.ActiveCfg = Release|Any CPU
		{54D6F1BE-FD9B-419E-B3B0-63550A98D4A1}.Release|Any CPU.Build.0 = Release|Any CPU
	EndGlobalSection
	GlobalSection(SolutionProperties) = preSolution
		HideSolutionNode = FALSE
	EndGlobalSection
	GlobalSection(NestedProjects) = preSolution
		{485EF60D-1792-49FF-9738-42FFFDEF051D} = {727C398B-1866-45DE-AB2D-2C5EEC0AC659}
		{789FC0DE-FD8A-4C15-8ED5-F2B1199C3300} = {727C398B-1866-45DE-AB2D-2C5EEC0AC659}
		{630AA83C-35AF-4297-8C32-67E8E8C72363} = {727C398B-1866-45DE-AB2D-2C5EEC0AC659}
		{D6CF7990-6DCD-4E4D-A7A0-3B7151C4A2B7} = {B1776196-0936-42F7-A56B-E0955ECFBC4B}
		{16BB2975-262D-4112-9F0E-7686CF0C6345} = {B1776196-0936-42F7-A56B-E0955ECFBC4B}
		{44FCB3E0-FD9C-40BF-B1D6-AE80B63325AA} = {B1776196-0936-42F7-A56B-E0955ECFBC4B}
		{C2054839-6031-402A-8853-C524A9A7FABB} = {CEB89921-F4FB-41D2-BBF3-E43FDBE62EC2}
		{4AB7BC64-5103-42A8-8420-5A8AB483A1D5} = {CEB89921-F4FB-41D2-BBF3-E43FDBE62EC2}
		{BF6A4787-4542-4D21-A45A-8E92204682AE} = {CEB89921-F4FB-41D2-BBF3-E43FDBE62EC2}
		{1249A613-F660-4882-AA7A-22BE8EB66EA0} = {F4193012-C765-44FF-96EA-0952BA916ED4}
		{37F81EE5-8232-4912-B551-369983C89FCB} = {F4193012-C765-44FF-96EA-0952BA916ED4}
		{99ED72CB-D1FF-4155-B6F8-90A7C5071F23} = {F4193012-C765-44FF-96EA-0952BA916ED4}
		{747346C4-AFF6-44C8-B065-FBB3699C5BEC} = {D5D54121-AE8A-4C21-A396-A93A56201ED8}
		{4296A924-F0EF-46E3-9280-9AEE7F2F09D6} = {D5D54121-AE8A-4C21-A396-A93A56201ED8}
		{644867F7-6779-4AB8-8CEA-4C85897424A8} = {D5D54121-AE8A-4C21-A396-A93A56201ED8}
		{E955125A-1697-4930-B783-C98555B9D4EC} = {E2CED469-E696-481C-8D85-0AF94FE30A9F}
		{D0F72AB2-DA9E-47E5-8F51-01FED84C61A8} = {E2CED469-E696-481C-8D85-0AF94FE30A9F}
		{C9695FAD-862D-4AC4-B500-22E057ED79B5} = {E2CED469-E696-481C-8D85-0AF94FE30A9F}
		{B7E96A85-DBE0-4F8E-8C1A-EC4AD1CAF2C7} = {123E8F51-9AF6-4907-996B-EFC1E744A041}
		{F99D70DD-F68C-4C2D-8F6C-6629CE4921B0} = {123E8F51-9AF6-4907-996B-EFC1E744A041}
		{081E77E6-82B0-4489-B50D-0C9DC26C536E} = {123E8F51-9AF6-4907-996B-EFC1E744A041}
		{FCED11B6-78E6-460B-8081-8598D5B4D65D} = {A804C23D-47D3-4A99-89DB-CDCA540665F6}
		{DD1E8324-8E01-45C3-BB9B-DA66F3672AEE} = {A804C23D-47D3-4A99-89DB-CDCA540665F6}
		{54D6F1BE-FD9B-419E-B3B0-63550A98D4A1} = {A804C23D-47D3-4A99-89DB-CDCA540665F6}
	EndGlobalSection
	GlobalSection(ExtensibilityGlobals) = postSolution
		SolutionGuid = {CAE2B4C4-1DEE-4E09-92DB-21A46F0178A3}
	EndGlobalSection
EndGlobal
